
Microsoft Visual Studio Solution File, Format Version 12.00
# Visual Studio Version 16
VisualStudioVersion = 16.0.30804.86
MinimumVisualStudioVersion = 10.0.40219.1
Project("{8BC9CEB8-8B4A-11D0-8D11-00A0C91BC942}") = "artmoni_exe", "artmoni_exe\artmoni_exe.vcxproj", "{69187784-AADC-4A26-894A-913B2F81C562}"
	ProjectSection(ProjectDependencies) = postProject
		{D19DA96C-4997-4AC2-B492-E317C744BC80} = {D19DA96C-4997-4AC2-B492-E317C744BC80}
	EndProjectSection
EndProject
Project("{8BC9CEB8-8B4A-11D0-8D11-00A0C91BC942}") = "artmoni_dll", "artmoni_dll\artmoni_dll.vcxproj", "{D19DA96C-4997-4AC2-B492-E317C744BC80}"
EndProject
Global
	GlobalSection(SolutionConfigurationPlatforms) = preSolution
		Debug|x64 = Debug|x64
		Debug|x86 = Debug|x86
		Release|x64 = Release|x64
		Release|x86 = Release|x86
	EndGlobalSection
	GlobalSection(ProjectConfigurationPlatforms) = postSolution
		{69187784-AADC-4A26-894A-913B2F81C562}.Debug|x64.ActiveCfg = Debug|x64
		{69187784-AADC-4A26-894A-913B2F81C562}.Debug|x64.Build.0 = Debug|x64
		{69187784-AADC-4A26-894A-913B2F81C562}.Debug|x86.ActiveCfg = Debug|Win32
		{69187784-AADC-4A26-894A-913B2F81C562}.Debug|x86.Build.0 = Debug|Win32
		{69187784-AADC-4A26-894A-913B2F81C562}.Release|x64.ActiveCfg = Release|x64
		{69187784-AADC-4A26-894A-913B2F81C562}.Release|x64.Build.0 = Release|x64
		{69187784-AADC-4A26-894A-913B2F81C562}.Release|x86.ActiveCfg = Release|Win32
		{69187784-AADC-4A26-894A-913B2F81C562}.Release|x86.Build.0 = Release|Win32
		{D19DA96C-4997-4AC2-B492-E317C744BC80}.Debug|x64.ActiveCfg = Debug|x64
		{D19DA96C-4997-4AC2-B492-E317C744BC80}.Debug|x64.Build.0 = Debug|x64
		{D19DA96C-4997-4AC2-B492-E317C744BC80}.Debug|x86.ActiveCfg = Debug|Win32
		{D19DA96C-4997-4AC2-B492-E317C744BC80}.Debug|x86.Build.0 = Debug|Win32
		{D19DA96C-4997-4AC2-B492-E317C744BC80}.Release|x64.ActiveCfg = Release|x64
		{D19DA96C-4997-4AC2-B492-E317C744BC80}.Release|x64.Build.0 = Release|x64
		{D19DA96C-4997-4AC2-B492-E317C744BC80}.Release|x86.ActiveCfg = Release|Win32
		{D19DA96C-4997-4AC2-B492-E317C744BC80}.Release|x86.Build.0 = Release|Win32
	EndGlobalSection
	GlobalSection(SolutionProperties) = preSolution
		HideSolutionNode = FALSE
	EndGlobalSection
	GlobalSection(ExtensibilityGlobals) = postSolution
		SolutionGuid = {E6430FB4-F641-495B-82B5-2D7F72942FB8}
	EndGlobalSection
EndGlobal
